{
    "name": "add-txt-analyzer",
    "version": "1.0.0",
    "lockfileVersion": 3,
    "requires": true,
    "packages": {
        "": {
            "name": "add-txt-analyzer",
            "version": "1.0.0",
            "engines": {
                "node": "12.21.0",
                "npm": "6.14.11"
            }
        }
    }
}
